
Microsoft Visual Studio Solution File, Format Version 12.00
# Visual Studio Version 17
VisualStudioVersion = 17.4.33110.190
MinimumVisualStudioVersion = 10.0.40219.1
Project("{FAE04EC0-301F-11D3-BF4B-00C04F79EFBC}") = "SoftUni", "SoftUni\SoftUni.csproj", "{67D0122B-0BAD-4E5B-A4C9-796D1E1CF463}"
EndProject
Global
	GlobalSection(SolutionConfigurationPlatforms) = preSolution
		Debug|Any CPU = Debug|Any CPU
		Release|Any CPU = Release|Any CPU
	EndGlobalSection
	GlobalSection(ProjectConfigurationPlatforms) = postSolution
		{67D0122B-0BAD-4E5B-A4C9-796D1E1CF463}.Debug|Any CPU.ActiveCfg = Debug|Any CPU
		{67D0122B-0BAD-4E5B-A4C9-796D1E1CF463}.Debug|Any CPU.Build.0 = Debug|Any CPU
		{67D0122B-0BAD-4E5B-A4C9-796D1E1CF463}.Release|Any CPU.ActiveCfg = Release|Any CPU
		{67D0122B-0BAD-4E5B-A4C9-796D1E1CF463}.Release|Any CPU.Build.0 = Release|Any CPU
	EndGlobalSection
	GlobalSection(SolutionProperties) = preSolution
		HideSolutionNode = FALSE
	EndGlobalSection
	GlobalSection(ExtensibilityGlobals) = postSolution
		SolutionGuid = {E937D3CE-3A67-4946-AE11-20740E610B4A}
	EndGlobalSection
EndGlobal
