
Microsoft Visual Studio Solution File, Format Version 12.00
# Visual Studio Version 17
VisualStudioVersion = 17.4.33110.190
MinimumVisualStudioVersion = 10.0.40219.1
Project("{9A19103F-16F7-4668-BE54-9A1E7A4F7556}") = "EntityFrameWorkIntriductionEXERSICE", "EntityFrameWorkIntriductionEXERSICE\EntityFrameWorkIntriductionEXERSICE.csproj", "{2F020724-402C-466D-ACAE-D15BE339FCB4}"
EndProject
Project("{FAE04EC0-301F-11D3-BF4B-00C04F79EFBC}") = "SoftUni", "Softuni\SoftUni.csproj", "{18E7E115-4C22-48FA-8BF0-8C235F786677}"
EndProject
Global
	GlobalSection(SolutionConfigurationPlatforms) = preSolution
		Debug|Any CPU = Debug|Any CPU
		Release|Any CPU = Release|Any CPU
	EndGlobalSection
	GlobalSection(ProjectConfigurationPlatforms) = postSolution
		{2F020724-402C-466D-ACAE-D15BE339FCB4}.Debug|Any CPU.ActiveCfg = Debug|Any CPU
		{2F020724-402C-466D-ACAE-D15BE339FCB4}.Debug|Any CPU.Build.0 = Debug|Any CPU
		{2F020724-402C-466D-ACAE-D15BE339FCB4}.Release|Any CPU.ActiveCfg = Release|Any CPU
		{2F020724-402C-466D-ACAE-D15BE339FCB4}.Release|Any CPU.Build.0 = Release|Any CPU
		{18E7E115-4C22-48FA-8BF0-8C235F786677}.Debug|Any CPU.ActiveCfg = Debug|Any CPU
		{18E7E115-4C22-48FA-8BF0-8C235F786677}.Debug|Any CPU.Build.0 = Debug|Any CPU
		{18E7E115-4C22-48FA-8BF0-8C235F786677}.Release|Any CPU.ActiveCfg = Release|Any CPU
		{18E7E115-4C22-48FA-8BF0-8C235F786677}.Release|Any CPU.Build.0 = Release|Any CPU
	EndGlobalSection
	GlobalSection(SolutionProperties) = preSolution
		HideSolutionNode = FALSE
	EndGlobalSection
	GlobalSection(ExtensibilityGlobals) = postSolution
		SolutionGuid = {896C94D6-732C-45EF-9BF3-FD8C29602C8C}
	EndGlobalSection
EndGlobal
