
Microsoft Visual Studio Solution File, Format Version 12.00
# Visual Studio Version 17
VisualStudioVersion = 17.4.33110.190
MinimumVisualStudioVersion = 10.0.40219.1
Project("{FAE04EC0-301F-11D3-BF4B-00C04F79EFBC}") = "02.vilianNames", "DB-ADVANCED-ADO.NET EXERSICE\02.vilianNames.csproj", "{08095885-6212-4B77-B478-9ACCA5DAA203}"
EndProject
Global
	GlobalSection(SolutionConfigurationPlatforms) = preSolution
		Debug|Any CPU = Debug|Any CPU
		Release|Any CPU = Release|Any CPU
	EndGlobalSection
	GlobalSection(ProjectConfigurationPlatforms) = postSolution
		{08095885-6212-4B77-B478-9ACCA5DAA203}.Debug|Any CPU.ActiveCfg = Debug|Any CPU
		{08095885-6212-4B77-B478-9ACCA5DAA203}.Debug|Any CPU.Build.0 = Debug|Any CPU
		{08095885-6212-4B77-B478-9ACCA5DAA203}.Release|Any CPU.ActiveCfg = Release|Any CPU
		{08095885-6212-4B77-B478-9ACCA5DAA203}.Release|Any CPU.Build.0 = Release|Any CPU
	EndGlobalSection
	GlobalSection(SolutionProperties) = preSolution
		HideSolutionNode = FALSE
	EndGlobalSection
	GlobalSection(ExtensibilityGlobals) = postSolution
		SolutionGuid = {911C4D46-423B-4FAD-8F68-6972CC0A283C}
	EndGlobalSection
EndGlobal
